// !$*UTF8*$!
{
	archiveVersion = 1;
	classes = {
	};
	objectVersion = 56;
	objects = {

/* Begin PBXBuildFile section */
		3C04E879293E15FD00DF73B3 /* EmailViewController.swift in Sources */ = {isa = PBXBuildFile; fileRef = 3C04E878293E15FD00DF73B3 /* EmailViewController.swift */; };
		3C283FB0293E181400C3A42E /* UIView+Pin.swift in Sources */ = {isa = PBXBuildFile; fileRef = 3C283FAF293E181400C3A42E /* UIView+Pin.swift */; };
		486088662937E57B008B76ED /* AppDelegate.swift in Sources */ = {isa = PBXBuildFile; fileRef = 486088652937E57B008B76ED /* AppDelegate.swift */; };
		486088682937E57B008B76ED /* SceneDelegate.swift in Sources */ = {isa = PBXBuildFile; fileRef = 486088672937E57B008B76ED /* SceneDelegate.swift */; };
		4860886A2937E57B008B76ED /* ViewController.swift in Sources */ = {isa = PBXBuildFile; fileRef = 486088692937E57B008B76ED /* ViewController.swift */; };
		4860886F2937E57B008B76ED /* Assets.xcassets in Resources */ = {isa = PBXBuildFile; fileRef = 4860886E2937E57B008B76ED /* Assets.xcassets */; };
		486088722937E57B008B76ED /* LaunchScreen.storyboard in Resources */ = {isa = PBXBuildFile; fileRef = 486088702937E57B008B76ED /* LaunchScreen.storyboard */; };
		48A4801A293E0FDD006540DC /* Mailer.swift in Sources */ = {isa = PBXBuildFile; fileRef = 48A48019293E0FDD006540DC /* Mailer.swift */; };
		48A4802D293E3D98006540DC /* Grid.swift in Sources */ = {isa = PBXBuildFile; fileRef = 48A4802C293E3D98006540DC /* Grid.swift */; };
		48A48031293E45AE006540DC /* mainFont.otf in Resources */ = {isa = PBXBuildFile; fileRef = 48A48030293E45AE006540DC /* mainFont.otf */; };
/* End PBXBuildFile section */

/* Begin PBXFileReference section */
		3C04E878293E15FD00DF73B3 /* EmailViewController.swift */ = {isa = PBXFileReference; lastKnownFileType = sourcecode.swift; path = EmailViewController.swift; sourceTree = "<group>"; };
		3C283FAF293E181400C3A42E /* UIView+Pin.swift */ = {isa = PBXFileReference; lastKnownFileType = sourcecode.swift; path = "UIView+Pin.swift"; sourceTree = "<group>"; };
		486088622937E57B008B76ED /* 23:59.app */ = {isa = PBXFileReference; explicitFileType = wrapper.application; includeInIndex = 0; path = "23:59.app"; sourceTree = BUILT_PRODUCTS_DIR; };
		486088652937E57B008B76ED /* AppDelegate.swift */ = {isa = PBXFileReference; lastKnownFileType = sourcecode.swift; path = AppDelegate.swift; sourceTree = "<group>"; };
		486088672937E57B008B76ED /* SceneDelegate.swift */ = {isa = PBXFileReference; lastKnownFileType = sourcecode.swift; path = SceneDelegate.swift; sourceTree = "<group>"; };
		486088692937E57B008B76ED /* ViewController.swift */ = {isa = PBXFileReference; lastKnownFileType = sourcecode.swift; path = ViewController.swift; sourceTree = "<group>"; };
		4860886E2937E57B008B76ED /* Assets.xcassets */ = {isa = PBXFileReference; lastKnownFileType = folder.assetcatalog; path = Assets.xcassets; sourceTree = "<group>"; };
		486088712937E57B008B76ED /* Base */ = {isa = PBXFileReference; lastKnownFileType = file.storyboard; name = Base; path = Base.lproj/LaunchScreen.storyboard; sourceTree = "<group>"; };
		486088732937E57B008B76ED /* Info.plist */ = {isa = PBXFileReference; lastKnownFileType = text.plist.xml; path = Info.plist; sourceTree = "<group>"; };
		48A48019293E0FDD006540DC /* Mailer.swift */ = {isa = PBXFileReference; lastKnownFileType = sourcecode.swift; path = Mailer.swift; sourceTree = "<group>"; };
		48A4802C293E3D98006540DC /* Grid.swift */ = {isa = PBXFileReference; lastKnownFileType = sourcecode.swift; path = Grid.swift; sourceTree = "<group>"; };
		48A48030293E45AE006540DC /* mainFont.otf */ = {isa = PBXFileReference; lastKnownFileType = file; name = mainFont.otf; path = ../../Users/alisa/Library/Fonts/mainFont.otf; sourceTree = SOURCE_ROOT; };
/* End PBXFileReference section */

/* Begin PBXFrameworksBuildPhase section */
		4860885F2937E57B008B76ED /* Frameworks */ = {
			isa = PBXFrameworksBuildPhase;
			buildActionMask = 2147483647;
			files = (
			);
			runOnlyForDeploymentPostprocessing = 0;
		};
/* End PBXFrameworksBuildPhase section */

/* Begin PBXGroup section */
		486088592937E57B008B76ED = {
			isa = PBXGroup;
			children = (
				486088642937E57B008B76ED /* CourseWork3 */,
				486088632937E57B008B76ED /* Products */,
			);
			sourceTree = "<group>";
		};
		486088632937E57B008B76ED /* Products */ = {
			isa = PBXGroup;
			children = (
				486088622937E57B008B76ED /* 23:59.app */,
			);
			name = Products;
			sourceTree = "<group>";
		};
		486088642937E57B008B76ED /* CourseWork3 */ = {
			isa = PBXGroup;
			children = (
				48A4802F293E4574006540DC /* fonts */,
				48A48018293E0C9A006540DC /* backend */,
				48A48017293E0C90006540DC /* frontend */,
				486088652937E57B008B76ED /* AppDelegate.swift */,
				486088672937E57B008B76ED /* SceneDelegate.swift */,
				4860886E2937E57B008B76ED /* Assets.xcassets */,
				486088702937E57B008B76ED /* LaunchScreen.storyboard */,
				486088732937E57B008B76ED /* Info.plist */,
			);
			path = CourseWork3;
			sourceTree = "<group>";
		};
		48A48017293E0C90006540DC /* frontend */ = {
			isa = PBXGroup;
			children = (
				486088692937E57B008B76ED /* ViewController.swift */,
				3C04E878293E15FD00DF73B3 /* EmailViewController.swift */,
				3C283FAF293E181400C3A42E /* UIView+Pin.swift */,
				48A4802C293E3D98006540DC /* Grid.swift */,
			);
			path = frontend;
			sourceTree = "<group>";
		};
		48A48018293E0C9A006540DC /* backend */ = {
			isa = PBXGroup;
			children = (
				48A48019293E0FDD006540DC /* Mailer.swift */,
			);
			path = backend;
			sourceTree = "<group>";
		};
		48A4802F293E4574006540DC /* fonts */ = {
			isa = PBXGroup;
			children = (
				48A48030293E45AE006540DC /* mainFont.otf */,
			);
			path = fonts;
			sourceTree = "<group>";
		};
/* End PBXGroup section */

/* Begin PBXNativeTarget section */
		486088612937E57B008B76ED /* CourseWork3 */ = {
			isa = PBXNativeTarget;
			buildConfigurationList = 486088762937E57B008B76ED /* Build configuration list for PBXNativeTarget "CourseWork3" */;
			buildPhases = (
				4860885E2937E57B008B76ED /* Sources */,
				4860885F2937E57B008B76ED /* Frameworks */,
				486088602937E57B008B76ED /* Resources */,
			);
			buildRules = (
			);
			dependencies = (
			);
			name = CourseWork3;
			productName = CourseWork3;
			productReference = 486088622937E57B008B76ED /* 23:59.app */;
			productType = "com.apple.product-type.application";
		};
/* End PBXNativeTarget section */

/* Begin PBXProject section */
		4860885A2937E57B008B76ED /* Project object */ = {
			isa = PBXProject;
			attributes = {
				BuildIndependentTargetsInParallel = 1;
				LastSwiftUpdateCheck = 1410;
				LastUpgradeCheck = 1410;
				TargetAttributes = {
					486088612937E57B008B76ED = {
						CreatedOnToolsVersion = 14.1;
					};
				};
			};
			buildConfigurationList = 4860885D2937E57B008B76ED /* Build configuration list for PBXProject "CourseWork3" */;
			compatibilityVersion = "Xcode 14.0";
			developmentRegion = en;
			hasScannedForEncodings = 0;
			knownRegions = (
				en,
				Base,
			);
			mainGroup = 486088592937E57B008B76ED;
			productRefGroup = 486088632937E57B008B76ED /* Products */;
			projectDirPath = "";
			projectRoot = "";
			targets = (
				486088612937E57B008B76ED /* CourseWork3 */,
			);
		};
/* End PBXProject section */

/* Begin PBXResourcesBuildPhase section */
		486088602937E57B008B76ED /* Resources */ = {
			isa = PBXResourcesBuildPhase;
			buildActionMask = 2147483647;
			files = (
				48A48031293E45AE006540DC /* mainFont.otf in Resources */,
				486088722937E57B008B76ED /* LaunchScreen.storyboard in Resources */,
				4860886F2937E57B008B76ED /* Assets.xcassets in Resources */,
			);
			runOnlyForDeploymentPostprocessing = 0;
		};
/* End PBXResourcesBuildPhase section */

/* Begin PBXSourcesBuildPhase section */
		4860885E2937E57B008B76ED /* Sources */ = {
			isa = PBXSourcesBuildPhase;
			buildActionMask = 2147483647;
			files = (
				4860886A2937E57B008B76ED /* ViewController.swift in Sources */,
				48A4801A293E0FDD006540DC /* Mailer.swift in Sources */,
				3C283FB0293E181400C3A42E /* UIView+Pin.swift in Sources */,
				486088662937E57B008B76ED /* AppDelegate.swift in Sources */,
				486088682937E57B008B76ED /* SceneDelegate.swift in Sources */,
				48A4802D293E3D98006540DC /* Grid.swift in Sources */,
				3C04E879293E15FD00DF73B3 /* EmailViewController.swift in Sources */,
			);
			runOnlyForDeploymentPostprocessing = 0;
		};
/* End PBXSourcesBuildPhase section */

/* Begin PBXVariantGroup section */
		486088702937E57B008B76ED /* LaunchScreen.storyboard */ = {
			isa = PBXVariantGroup;
			children = (
				486088712937E57B008B76ED /* Base */,
			);
			name = LaunchScreen.storyboard;
			sourceTree = "<group>";
		};
/* End PBXVariantGroup section */

/* Begin XCBuildConfiguration section */
		486088742937E57B008B76ED /* Debug */ = {
			isa = XCBuildConfiguration;
			buildSettings = {
				ALWAYS_SEARCH_USER_PATHS = NO;
				CLANG_ANALYZER_NONNULL = YES;
				CLANG_ANALYZER_NUMBER_OBJECT_CONVERSION = YES_AGGRESSIVE;
				CLANG_CXX_LANGUAGE_STANDARD = "gnu++20";
				CLANG_ENABLE_MODULES = YES;
				CLANG_ENABLE_OBJC_ARC = YES;
				CLANG_ENABLE_OBJC_WEAK = YES;
				CLANG_WARN_BLOCK_CAPTURE_AUTORELEASING = YES;
				CLANG_WARN_BOOL_CONVERSION = YES;
				CLANG_WARN_COMMA = YES;
				CLANG_WARN_CONSTANT_CONVERSION = YES;
				CLANG_WARN_DEPRECATED_OBJC_IMPLEMENTATIONS = YES;
				CLANG_WARN_DIRECT_OBJC_ISA_USAGE = YES_ERROR;
				CLANG_WARN_DOCUMENTATION_COMMENTS = YES;
				CLANG_WARN_EMPTY_BODY = YES;
				CLANG_WARN_ENUM_CONVERSION = YES;
				CLANG_WARN_INFINITE_RECURSION = YES;
				CLANG_WARN_INT_CONVERSION = YES;
				CLANG_WARN_NON_LITERAL_NULL_CONVERSION = YES;
				CLANG_WARN_OBJC_IMPLICIT_RETAIN_SELF = YES;
				CLANG_WARN_OBJC_LITERAL_CONVERSION = YES;
				CLANG_WARN_OBJC_ROOT_CLASS = YES_ERROR;
				CLANG_WARN_QUOTED_INCLUDE_IN_FRAMEWORK_HEADER = YES;
				CLANG_WARN_RANGE_LOOP_ANALYSIS = YES;
				CLANG_WARN_STRICT_PROTOTYPES = YES;
				CLANG_WARN_SUSPICIOUS_MOVE = YES;
				CLANG_WARN_UNGUARDED_AVAILABILITY = YES_AGGRESSIVE;
				CLANG_WARN_UNREACHABLE_CODE = YES;
				CLANG_WARN__DUPLICATE_METHOD_MATCH = YES;
				COPY_PHASE_STRIP = NO;
				DEBUG_INFORMATION_FORMAT = dwarf;
				ENABLE_STRICT_OBJC_MSGSEND = YES;
				ENABLE_TESTABILITY = YES;
				GCC_C_LANGUAGE_STANDARD = gnu11;
				GCC_DYNAMIC_NO_PIC = NO;
				GCC_NO_COMMON_BLOCKS = YES;
				GCC_OPTIMIZATION_LEVEL = 0;
				GCC_PREPROCESSOR_DEFINITIONS = (
					"DEBUG=1",
					"$(inherited)",
				);
				GCC_WARN_64_TO_32_BIT_CONVERSION = YES;
				GCC_WARN_ABOUT_RETURN_TYPE = YES_ERROR;
				GCC_WARN_UNDECLARED_SELECTOR = YES;
				GCC_WARN_UNINITIALIZED_AUTOS = YES_AGGRESSIVE;
				GCC_WARN_UNUSED_FUNCTION = YES;
				GCC_WARN_UNUSED_VARIABLE = YES;
				IPHONEOS_DEPLOYMENT_TARGET = 16.1;
				MTL_ENABLE_DEBUG_INFO = INCLUDE_SOURCE;
				MTL_FAST_MATH = YES;
				ONLY_ACTIVE_ARCH = YES;
				SDKROOT = iphoneos;
				SWIFT_ACTIVE_COMPILATION_CONDITIONS = DEBUG;
				SWIFT_OPTIMIZATION_LEVEL = "-Onone";
			};
			name = Debug;
		};
		486088752937E57B008B76ED /* Release */ = {
			isa = XCBuildConfiguration;
			buildSettings = {
				ALWAYS_SEARCH_USER_PATHS = NO;
				CLANG_ANALYZER_NONNULL = YES;
				CLANG_ANALYZER_NUMBER_OBJECT_CONVERSION = YES_AGGRESSIVE;
				CLANG_CXX_LANGUAGE_STANDARD = "gnu++20";
				CLANG_ENABLE_MODULES = YES;
				CLANG_ENABLE_OBJC_ARC = YES;
				CLANG_ENABLE_OBJC_WEAK = YES;
				CLANG_WARN_BLOCK_CAPTURE_AUTORELEASING = YES;
				CLANG_WARN_BOOL_CONVERSION = YES;
				CLANG_WARN_COMMA = YES;
				CLANG_WARN_CONSTANT_CONVERSION = YES;
				CLANG_WARN_DEPRECATED_OBJC_IMPLEMENTATIONS = YES;
				CLANG_WARN_DIRECT_OBJC_ISA_USAGE = YES_ERROR;
				CLANG_WARN_DOCUMENTATION_COMMENTS = YES;
				CLANG_WARN_EMPTY_BODY = YES;
				CLANG_WARN_ENUM_CONVERSION = YES;
				CLANG_WARN_INFINITE_RECURSION = YES;
				CLANG_WARN_INT_CONVERSION = YES;
				CLANG_WARN_NON_LITERAL_NULL_CONVERSION = YES;
				CLANG_WARN_OBJC_IMPLICIT_RETAIN_SELF = YES;
				CLANG_WARN_OBJC_LITERAL_CONVERSION = YES;
				CLANG_WARN_OBJC_ROOT_CLASS = YES_ERROR;
				CLANG_WARN_QUOTED_INCLUDE_IN_FRAMEWORK_HEADER = YES;
				CLANG_WARN_RANGE_LOOP_ANALYSIS = YES;
				CLANG_WARN_STRICT_PROTOTYPES = YES;
				CLANG_WARN_SUSPICIOUS_MOVE = YES;
				CLANG_WARN_UNGUARDED_AVAILABILITY = YES_AGGRESSIVE;
				CLANG_WARN_UNREACHABLE_CODE = YES;
				CLANG_WARN__DUPLICATE_METHOD_MATCH = YES;
				COPY_PHASE_STRIP = NO;
				DEBUG_INFORMATION_FORMAT = "dwarf-with-dsym";
				ENABLE_NS_ASSERTIONS = NO;
				ENABLE_STRICT_OBJC_MSGSEND = YES;
				GCC_C_LANGUAGE_STANDARD = gnu11;
				GCC_NO_COMMON_BLOCKS = YES;
				GCC_WARN_64_TO_32_BIT_CONVERSION = YES;
				GCC_WARN_ABOUT_RETURN_TYPE = YES_ERROR;
				GCC_WARN_UNDECLARED_SELECTOR = YES;
				GCC_WARN_UNINITIALIZED_AUTOS = YES_AGGRESSIVE;
				GCC_WARN_UNUSED_FUNCTION = YES;
				GCC_WARN_UNUSED_VARIABLE = YES;
				IPHONEOS_DEPLOYMENT_TARGET = 16.1;
				MTL_ENABLE_DEBUG_INFO = NO;
				MTL_FAST_MATH = YES;
				SDKROOT = iphoneos;
				SWIFT_COMPILATION_MODE = wholemodule;
				SWIFT_OPTIMIZATION_LEVEL = "-O";
				VALIDATE_PRODUCT = YES;
			};
			name = Release;
		};
		486088772937E57B008B76ED /* Debug */ = {
			isa = XCBuildConfiguration;
			buildSettings = {
				ASSETCATALOG_COMPILER_APPICON_NAME = AppIcon;
				ASSETCATALOG_COMPILER_GLOBAL_ACCENT_COLOR_NAME = AccentColor;
				CODE_SIGN_STYLE = Automatic;
				CURRENT_PROJECT_VERSION = 1;
				DEVELOPMENT_TEAM = LM3CWDSTFW;
				GENERATE_INFOPLIST_FILE = YES;
				INFOPLIST_FILE = CourseWork3/Info.plist;
				INFOPLIST_KEY_UIApplicationSupportsIndirectInputEvents = YES;
				INFOPLIST_KEY_UILaunchStoryboardName = LaunchScreen;
				INFOPLIST_KEY_UISupportedInterfaceOrientations_iPad = "UIInterfaceOrientationPortrait UIInterfaceOrientationPortraitUpsideDown UIInterfaceOrientationLandscapeLeft UIInterfaceOrientationLandscapeRight";
				INFOPLIST_KEY_UISupportedInterfaceOrientations_iPhone = "UIInterfaceOrientationPortrait UIInterfaceOrientationLandscapeLeft UIInterfaceOrientationLandscapeRight";
				LD_RUNPATH_SEARCH_PATHS = (
					"$(inherited)",
					"@executable_path/Frameworks",
				);
				MARKETING_VERSION = 1.0;
				PRODUCT_BUNDLE_IDENTIFIER = FCS.CourseWork3;
				PRODUCT_NAME = "23:59";
				SWIFT_EMIT_LOC_STRINGS = YES;
				SWIFT_VERSION = 5.0;
				TARGETED_DEVICE_FAMILY = "1,2";
			};
			name = Debug;
		};
		486088782937E57B008B76ED /* Release */ = {
			isa = XCBuildConfiguration;
			buildSettings = {
				ASSETCATALOG_COMPILER_APPICON_NAME = AppIcon;
				ASSETCATALOG_COMPILER_GLOBAL_ACCENT_COLOR_NAME = AccentColor;
				CODE_SIGN_STYLE = Automatic;
				CURRENT_PROJECT_VERSION = 1;
				DEVELOPMENT_TEAM = LM3CWDSTFW;
				GENERATE_INFOPLIST_FILE = YES;
				INFOPLIST_FILE = CourseWork3/Info.plist;
				INFOPLIST_KEY_UIApplicationSupportsIndirectInputEvents = YES;
				INFOPLIST_KEY_UILaunchStoryboardName = LaunchScreen;
				INFOPLIST_KEY_UISupportedInterfaceOrientations_iPad = "UIInterfaceOrientationPortrait UIInterfaceOrientationPortraitUpsideDown UIInterfaceOrientationLandscapeLeft UIInterfaceOrientationLandscapeRight";
				INFOPLIST_KEY_UISupportedInterfaceOrientations_iPhone = "UIInterfaceOrientationPortrait UIInterfaceOrientationLandscapeLeft UIInterfaceOrientationLandscapeRight";
				LD_RUNPATH_SEARCH_PATHS = (
					"$(inherited)",
					"@executable_path/Frameworks",
				);
				MARKETING_VERSION = 1.0;
				PRODUCT_BUNDLE_IDENTIFIER = FCS.CourseWork3;
				PRODUCT_NAME = "23:59";
				SWIFT_EMIT_LOC_STRINGS = YES;
				SWIFT_VERSION = 5.0;
				TARGETED_DEVICE_FAMILY = "1,2";
			};
			name = Release;
		};
/* End XCBuildConfiguration section */

/* Begin XCConfigurationList section */
		4860885D2937E57B008B76ED /* Build configuration list for PBXProject "CourseWork3" */ = {
			isa = XCConfigurationList;
			buildConfigurations = (
				486088742937E57B008B76ED /* Debug */,
				486088752937E57B008B76ED /* Release */,
			);
			defaultConfigurationIsVisible = 0;
			defaultConfigurationName = Release;
		};
		486088762937E57B008B76ED /* Build configuration list for PBXNativeTarget "CourseWork3" */ = {
			isa = XCConfigurationList;
			buildConfigurations = (
				486088772937E57B008B76ED /* Debug */,
				486088782937E57B008B76ED /* Release */,
			);
			defaultConfigurationIsVisible = 0;
			defaultConfigurationName = Release;
		};
/* End XCConfigurationList section */
	};
	rootObject = 4860885A2937E57B008B76ED /* Project object */;
}
