// !$*UTF8*$!
{
	archiveVersion = 1;
	classes = {
	};
	objectVersion = 56;
	objects = {

/* Begin PBXBuildFile section */
		3C04E879293E15FD00DF73B3 /* EmailViewController.swift in Sources */ = {isa = PBXBuildFile; fileRef = 3C04E878293E15FD00DF73B3 /* EmailViewController.swift */; };
		3C1B79A42948BACF00636D0D /* AddTaskPopup.swift in Sources */ = {isa = PBXBuildFile; fileRef = 3C1B79A32948BACF00636D0D /* AddTaskPopup.swift */; };
		3C2626B2293E55FF00A0D1F1 /* UIViewController+Keyboard.swift in Sources */ = {isa = PBXBuildFile; fileRef = 3C2626B1293E55FF00A0D1F1 /* UIViewController+Keyboard.swift */; };
		3C2626B4293FD8AC00A0D1F1 /* UITextField+Borders.swift in Sources */ = {isa = PBXBuildFile; fileRef = 3C2626B3293FD8AC00A0D1F1 /* UITextField+Borders.swift */; };
		3C2626B8294231CA00A0D1F1 /* Code.swift in Sources */ = {isa = PBXBuildFile; fileRef = 3C2626B7294231CA00A0D1F1 /* Code.swift */; };
		3C2626BE2943AF2C00A0D1F1 /* CodeInputController.swift in Sources */ = {isa = PBXBuildFile; fileRef = 3C2626BD2943AF2C00A0D1F1 /* CodeInputController.swift */; };
		3C2626C02943B23500A0D1F1 /* CellComponent.swift in Sources */ = {isa = PBXBuildFile; fileRef = 3C2626BF2943B23500A0D1F1 /* CellComponent.swift */; };
		4814C0CD29420B8F00939BA5 /* BubbleComponent.swift in Sources */ = {isa = PBXBuildFile; fileRef = 4814C0CC29420B8F00939BA5 /* BubbleComponent.swift */; };
		4815507529424602008EF3A1 /* UIView+TapAnimation.swift in Sources */ = {isa = PBXBuildFile; fileRef = 4815507429424602008EF3A1 /* UIView+TapAnimation.swift */; };
		4815507729425134008EF3A1 /* TaskPageController.swift in Sources */ = {isa = PBXBuildFile; fileRef = 4815507629425134008EF3A1 /* TaskPageController.swift */; };
		4815507929425E57008EF3A1 /* UIButton+Select.swift in Sources */ = {isa = PBXBuildFile; fileRef = 4815507829425E57008EF3A1 /* UIButton+Select.swift */; };
		4815507B2942ACBB008EF3A1 /* CustomTabBarController.swift in Sources */ = {isa = PBXBuildFile; fileRef = 4815507A2942ACBB008EF3A1 /* CustomTabBarController.swift */; };
		4815507D2942B6A2008EF3A1 /* FeedController.swift in Sources */ = {isa = PBXBuildFile; fileRef = 4815507C2942B6A2008EF3A1 /* FeedController.swift */; };
		4815507F2942B6B1008EF3A1 /* FriendsController.swift in Sources */ = {isa = PBXBuildFile; fileRef = 4815507E2942B6B1008EF3A1 /* FriendsController.swift */; };
		481550812942B7D8008EF3A1 /* DevelopmentComponent.swift in Sources */ = {isa = PBXBuildFile; fileRef = 481550802942B7D8008EF3A1 /* DevelopmentComponent.swift */; };
		481550832942BF8E008EF3A1 /* CALayer.swift in Sources */ = {isa = PBXBuildFile; fileRef = 481550822942BF8E008EF3A1 /* CALayer.swift */; };
		481D44F3293FCAB1006764A4 /* ButtonComponent.swift in Sources */ = {isa = PBXBuildFile; fileRef = 481D44F2293FCAB1006764A4 /* ButtonComponent.swift */; };
		48331F172948FCE300C65197 /* UINavigationBar+.swift in Sources */ = {isa = PBXBuildFile; fileRef = 48331F162948FCE300C65197 /* UINavigationBar+.swift */; };
		48331F192948FD1600C65197 /* NewTaskSecondPageController.swift in Sources */ = {isa = PBXBuildFile; fileRef = 48331F182948FD1600C65197 /* NewTaskSecondPageController.swift */; };
		483EAA4B293F6C4100A72D7F /* CreateAccountViewController.swift in Sources */ = {isa = PBXBuildFile; fileRef = 483EAA4A293F6C4100A72D7F /* CreateAccountViewController.swift */; };
		483EAA52293F7AA700A72D7F /* Assets.xcassets in Resources */ = {isa = PBXBuildFile; fileRef = 483EAA51293F7AA700A72D7F /* Assets.xcassets */; };
		485B198D29411AE000042F89 /* Grid.swift in Sources */ = {isa = PBXBuildFile; fileRef = 485B198C29411AE000042F89 /* Grid.swift */; };
		485B198F29411F4F00042F89 /* UIFont+.swift in Sources */ = {isa = PBXBuildFile; fileRef = 485B198E29411F4F00042F89 /* UIFont+.swift */; };
		485B19992941FEEC00042F89 /* UIView+Pin.swift in Sources */ = {isa = PBXBuildFile; fileRef = 485B19982941FEEC00042F89 /* UIView+Pin.swift */; };
		485B199B2941FF6B00042F89 /* UIColor+.swift in Sources */ = {isa = PBXBuildFile; fileRef = 485B199A2941FF6B00042F89 /* UIColor+.swift */; };
		486088662937E57B008B76ED /* AppDelegate.swift in Sources */ = {isa = PBXBuildFile; fileRef = 486088652937E57B008B76ED /* AppDelegate.swift */; };
		486088682937E57B008B76ED /* SceneDelegate.swift in Sources */ = {isa = PBXBuildFile; fileRef = 486088672937E57B008B76ED /* SceneDelegate.swift */; };
		4860886A2937E57B008B76ED /* WelcomeViewController.swift in Sources */ = {isa = PBXBuildFile; fileRef = 486088692937E57B008B76ED /* WelcomeViewController.swift */; };
		486088722937E57B008B76ED /* LaunchScreen.storyboard in Resources */ = {isa = PBXBuildFile; fileRef = 486088702937E57B008B76ED /* LaunchScreen.storyboard */; };
		486D4DC62943E8E700A23868 /* UIViewController+NavBar.swift in Sources */ = {isa = PBXBuildFile; fileRef = 486D4DC52943E8E700A23868 /* UIViewController+NavBar.swift */; };
		486D4DCA2944E33000A23868 /* FilterPageController.swift in Sources */ = {isa = PBXBuildFile; fileRef = 486D4DC92944E33000A23868 /* FilterPageController.swift */; };
		4886AC46293FDAB700640A4B /* FieldComponent.swift in Sources */ = {isa = PBXBuildFile; fileRef = 4886AC45293FDAB700640A4B /* FieldComponent.swift */; };
		4886AC4A2940E39A00640A4B /* PhotoPickerPopup.swift in Sources */ = {isa = PBXBuildFile; fileRef = 4886AC492940E39A00640A4B /* PhotoPickerPopup.swift */; };
		4886AC4C2940EF0B00640A4B /* ProfileView.swift in Sources */ = {isa = PBXBuildFile; fileRef = 4886AC4B2940EF0B00640A4B /* ProfileView.swift */; };
		488B8C66294216D000ED8B0C /* FriendAccountSVConponent.swift in Sources */ = {isa = PBXBuildFile; fileRef = 488B8C65294216D000ED8B0C /* FriendAccountSVConponent.swift */; };
		488C94DA2948AB2200411481 /* Task.swift in Sources */ = {isa = PBXBuildFile; fileRef = 488C94D92948AB2200411481 /* Task.swift */; };
		488C94DC2948B00A00411481 /* CheckInput.swift in Sources */ = {isa = PBXBuildFile; fileRef = 488C94DB2948B00A00411481 /* CheckInput.swift */; };
		4892320729420595002DCBEF /* TaskComponent.swift in Sources */ = {isa = PBXBuildFile; fileRef = 4892320629420595002DCBEF /* TaskComponent.swift */; };
		4892320929420702002DCBEF /* MainTasksPageController.swift in Sources */ = {isa = PBXBuildFile; fileRef = 4892320829420702002DCBEF /* MainTasksPageController.swift */; };
		4894B3A2293E5B5B008CE633 /* User.swift in Sources */ = {isa = PBXBuildFile; fileRef = 4894B3A1293E5B5B008CE633 /* User.swift */; };
		48A48031293E45AE006540DC /* mainFont.otf in Resources */ = {isa = PBXBuildFile; fileRef = 48A48030293E45AE006540DC /* mainFont.otf */; };
		48A48034293E49DC006540DC /* Raleway-Bold.ttf in Resources */ = {isa = PBXBuildFile; fileRef = 48A48032293E49DC006540DC /* Raleway-Bold.ttf */; };
		48A48035293E49DC006540DC /* Raleway-Medium.ttf in Resources */ = {isa = PBXBuildFile; fileRef = 48A48033293E49DC006540DC /* Raleway-Medium.ttf */; };
		48A48039293E4BD7006540DC /* Raleway-Regular.ttf in Resources */ = {isa = PBXBuildFile; fileRef = 48A48036293E4B78006540DC /* Raleway-Regular.ttf */; };
		48A6C1B7294221070001B962 /* CustomNavbar.swift in Sources */ = {isa = PBXBuildFile; fileRef = 48A6C1B6294221070001B962 /* CustomNavbar.swift */; };
		48FFAD082948BDC700E5820B /* NewTaskFirstPageController.swift in Sources */ = {isa = PBXBuildFile; fileRef = 48FFAD072948BDC700E5820B /* NewTaskFirstPageController.swift */; };
/* End PBXBuildFile section */

/* Begin PBXFileReference section */
		3C04E878293E15FD00DF73B3 /* EmailViewController.swift */ = {isa = PBXFileReference; lastKnownFileType = sourcecode.swift; path = EmailViewController.swift; sourceTree = "<group>"; };
		3C1B79A32948BACF00636D0D /* AddTaskPopup.swift */ = {isa = PBXFileReference; lastKnownFileType = sourcecode.swift; path = AddTaskPopup.swift; sourceTree = "<group>"; };
		3C2626B1293E55FF00A0D1F1 /* UIViewController+Keyboard.swift */ = {isa = PBXFileReference; lastKnownFileType = sourcecode.swift; path = "UIViewController+Keyboard.swift"; sourceTree = "<group>"; };
		3C2626B3293FD8AC00A0D1F1 /* UITextField+Borders.swift */ = {isa = PBXFileReference; lastKnownFileType = sourcecode.swift; path = "UITextField+Borders.swift"; sourceTree = "<group>"; };
		3C2626B7294231CA00A0D1F1 /* Code.swift */ = {isa = PBXFileReference; lastKnownFileType = sourcecode.swift; path = Code.swift; sourceTree = "<group>"; };
		3C2626BD2943AF2C00A0D1F1 /* CodeInputController.swift */ = {isa = PBXFileReference; lastKnownFileType = sourcecode.swift; path = CodeInputController.swift; sourceTree = "<group>"; };
		3C2626BF2943B23500A0D1F1 /* CellComponent.swift */ = {isa = PBXFileReference; lastKnownFileType = sourcecode.swift; path = CellComponent.swift; sourceTree = "<group>"; };
		4814C0CC29420B8F00939BA5 /* BubbleComponent.swift */ = {isa = PBXFileReference; lastKnownFileType = sourcecode.swift; path = BubbleComponent.swift; sourceTree = "<group>"; };
		4815507429424602008EF3A1 /* UIView+TapAnimation.swift */ = {isa = PBXFileReference; lastKnownFileType = sourcecode.swift; path = "UIView+TapAnimation.swift"; sourceTree = "<group>"; };
		4815507629425134008EF3A1 /* TaskPageController.swift */ = {isa = PBXFileReference; lastKnownFileType = sourcecode.swift; path = TaskPageController.swift; sourceTree = "<group>"; };
		4815507829425E57008EF3A1 /* UIButton+Select.swift */ = {isa = PBXFileReference; lastKnownFileType = sourcecode.swift; path = "UIButton+Select.swift"; sourceTree = "<group>"; };
		4815507A2942ACBB008EF3A1 /* CustomTabBarController.swift */ = {isa = PBXFileReference; lastKnownFileType = sourcecode.swift; path = CustomTabBarController.swift; sourceTree = "<group>"; };
		4815507C2942B6A2008EF3A1 /* FeedController.swift */ = {isa = PBXFileReference; lastKnownFileType = sourcecode.swift; path = FeedController.swift; sourceTree = "<group>"; };
		4815507E2942B6B1008EF3A1 /* FriendsController.swift */ = {isa = PBXFileReference; lastKnownFileType = sourcecode.swift; path = FriendsController.swift; sourceTree = "<group>"; };
		481550802942B7D8008EF3A1 /* DevelopmentComponent.swift */ = {isa = PBXFileReference; lastKnownFileType = sourcecode.swift; path = DevelopmentComponent.swift; sourceTree = "<group>"; };
		481550822942BF8E008EF3A1 /* CALayer.swift */ = {isa = PBXFileReference; lastKnownFileType = sourcecode.swift; path = CALayer.swift; sourceTree = "<group>"; };
		481D44F2293FCAB1006764A4 /* ButtonComponent.swift */ = {isa = PBXFileReference; lastKnownFileType = sourcecode.swift; path = ButtonComponent.swift; sourceTree = "<group>"; };
		48331F162948FCE300C65197 /* UINavigationBar+.swift */ = {isa = PBXFileReference; lastKnownFileType = sourcecode.swift; path = "UINavigationBar+.swift"; sourceTree = "<group>"; };
		48331F182948FD1600C65197 /* NewTaskSecondPageController.swift */ = {isa = PBXFileReference; lastKnownFileType = sourcecode.swift; path = NewTaskSecondPageController.swift; sourceTree = "<group>"; };
		483EAA4A293F6C4100A72D7F /* CreateAccountViewController.swift */ = {isa = PBXFileReference; lastKnownFileType = sourcecode.swift; path = CreateAccountViewController.swift; sourceTree = "<group>"; };
		483EAA51293F7AA700A72D7F /* Assets.xcassets */ = {isa = PBXFileReference; lastKnownFileType = folder.assetcatalog; path = Assets.xcassets; sourceTree = "<group>"; };
		485B198C29411AE000042F89 /* Grid.swift */ = {isa = PBXFileReference; lastKnownFileType = sourcecode.swift; path = Grid.swift; sourceTree = "<group>"; };
		485B198E29411F4F00042F89 /* UIFont+.swift */ = {isa = PBXFileReference; lastKnownFileType = sourcecode.swift; path = "UIFont+.swift"; sourceTree = "<group>"; };
		485B19982941FEEC00042F89 /* UIView+Pin.swift */ = {isa = PBXFileReference; lastKnownFileType = sourcecode.swift; path = "UIView+Pin.swift"; sourceTree = "<group>"; };
		485B199A2941FF6B00042F89 /* UIColor+.swift */ = {isa = PBXFileReference; lastKnownFileType = sourcecode.swift; path = "UIColor+.swift"; sourceTree = "<group>"; };
		486088622937E57B008B76ED /* 23:59.app */ = {isa = PBXFileReference; explicitFileType = wrapper.application; includeInIndex = 0; path = "23:59.app"; sourceTree = BUILT_PRODUCTS_DIR; };
		486088652937E57B008B76ED /* AppDelegate.swift */ = {isa = PBXFileReference; lastKnownFileType = sourcecode.swift; path = AppDelegate.swift; sourceTree = "<group>"; };
		486088672937E57B008B76ED /* SceneDelegate.swift */ = {isa = PBXFileReference; lastKnownFileType = sourcecode.swift; path = SceneDelegate.swift; sourceTree = "<group>"; };
		486088692937E57B008B76ED /* WelcomeViewController.swift */ = {isa = PBXFileReference; lastKnownFileType = sourcecode.swift; path = WelcomeViewController.swift; sourceTree = "<group>"; };
		486088712937E57B008B76ED /* Base */ = {isa = PBXFileReference; lastKnownFileType = file.storyboard; name = Base; path = Base.lproj/LaunchScreen.storyboard; sourceTree = "<group>"; };
		486088732937E57B008B76ED /* Info.plist */ = {isa = PBXFileReference; lastKnownFileType = text.plist.xml; path = Info.plist; sourceTree = "<group>"; };
		486D4DC52943E8E700A23868 /* UIViewController+NavBar.swift */ = {isa = PBXFileReference; lastKnownFileType = sourcecode.swift; path = "UIViewController+NavBar.swift"; sourceTree = "<group>"; };
		486D4DC92944E33000A23868 /* FilterPageController.swift */ = {isa = PBXFileReference; lastKnownFileType = sourcecode.swift; path = FilterPageController.swift; sourceTree = "<group>"; };
		4886AC45293FDAB700640A4B /* FieldComponent.swift */ = {isa = PBXFileReference; lastKnownFileType = sourcecode.swift; path = FieldComponent.swift; sourceTree = "<group>"; };
		4886AC492940E39A00640A4B /* PhotoPickerPopup.swift */ = {isa = PBXFileReference; lastKnownFileType = sourcecode.swift; path = PhotoPickerPopup.swift; sourceTree = "<group>"; };
		4886AC4B2940EF0B00640A4B /* ProfileView.swift */ = {isa = PBXFileReference; lastKnownFileType = sourcecode.swift; path = ProfileView.swift; sourceTree = "<group>"; };
		488B8C65294216D000ED8B0C /* FriendAccountSVConponent.swift */ = {isa = PBXFileReference; lastKnownFileType = sourcecode.swift; path = FriendAccountSVConponent.swift; sourceTree = "<group>"; };
		488C94D92948AB2200411481 /* Task.swift */ = {isa = PBXFileReference; lastKnownFileType = sourcecode.swift; path = Task.swift; sourceTree = "<group>"; };
		488C94DB2948B00A00411481 /* CheckInput.swift */ = {isa = PBXFileReference; lastKnownFileType = sourcecode.swift; path = CheckInput.swift; sourceTree = "<group>"; };
		4892320629420595002DCBEF /* TaskComponent.swift */ = {isa = PBXFileReference; lastKnownFileType = sourcecode.swift; path = TaskComponent.swift; sourceTree = "<group>"; };
		4892320829420702002DCBEF /* MainTasksPageController.swift */ = {isa = PBXFileReference; lastKnownFileType = sourcecode.swift; path = MainTasksPageController.swift; sourceTree = "<group>"; };
		4894B3A1293E5B5B008CE633 /* User.swift */ = {isa = PBXFileReference; lastKnownFileType = sourcecode.swift; path = User.swift; sourceTree = "<group>"; };
		48A48030293E45AE006540DC /* mainFont.otf */ = {isa = PBXFileReference; lastKnownFileType = file; name = mainFont.otf; path = CourseWork3/fonts/mainFont.otf; sourceTree = SOURCE_ROOT; };
		48A48032293E49DC006540DC /* Raleway-Bold.ttf */ = {isa = PBXFileReference; lastKnownFileType = file; name = "Raleway-Bold.ttf"; path = "CourseWork3/fonts/Raleway-Bold.ttf"; sourceTree = SOURCE_ROOT; };
		48A48033293E49DC006540DC /* Raleway-Medium.ttf */ = {isa = PBXFileReference; lastKnownFileType = file; name = "Raleway-Medium.ttf"; path = "CourseWork3/fonts/Raleway-Medium.ttf"; sourceTree = SOURCE_ROOT; };
		48A48036293E4B78006540DC /* Raleway-Regular.ttf */ = {isa = PBXFileReference; lastKnownFileType = file; name = "Raleway-Regular.ttf"; path = "CourseWork3/fonts/Raleway-Regular.ttf"; sourceTree = SOURCE_ROOT; };
		48A6C1B6294221070001B962 /* CustomNavbar.swift */ = {isa = PBXFileReference; lastKnownFileType = sourcecode.swift; path = CustomNavbar.swift; sourceTree = "<group>"; };
		48FFAD072948BDC700E5820B /* NewTaskFirstPageController.swift */ = {isa = PBXFileReference; lastKnownFileType = sourcecode.swift; name = NewTaskFirstPageController.swift; path = CourseWork3/Frontend/Screens/NewTaskFirstPageController.swift; sourceTree = SOURCE_ROOT; };
/* End PBXFileReference section */

/* Begin PBXFrameworksBuildPhase section */
		4860885F2937E57B008B76ED /* Frameworks */ = {
			isa = PBXFrameworksBuildPhase;
			buildActionMask = 2147483647;
			files = (
			);
			runOnlyForDeploymentPostprocessing = 0;
		};
/* End PBXFrameworksBuildPhase section */

/* Begin PBXGroup section */
		3C2626B92943373800A0D1F1 /* Utilities */ = {
			isa = PBXGroup;
			children = (
				3C2626B7294231CA00A0D1F1 /* Code.swift */,
				488C94DB2948B00A00411481 /* CheckInput.swift */,
			);
			path = Utilities;
			sourceTree = "<group>";
		};
		481D44F1293FCA36006764A4 /* Сomponents */ = {
			isa = PBXGroup;
			children = (
				4815507A2942ACBB008EF3A1 /* CustomTabBarController.swift */,
				48A6C1B6294221070001B962 /* CustomNavbar.swift */,
				4886AC492940E39A00640A4B /* PhotoPickerPopup.swift */,
				481D44F2293FCAB1006764A4 /* ButtonComponent.swift */,
				4886AC45293FDAB700640A4B /* FieldComponent.swift */,
				4886AC4B2940EF0B00640A4B /* ProfileView.swift */,
				4892320629420595002DCBEF /* TaskComponent.swift */,
				4814C0CC29420B8F00939BA5 /* BubbleComponent.swift */,
				488B8C65294216D000ED8B0C /* FriendAccountSVConponent.swift */,
				481550802942B7D8008EF3A1 /* DevelopmentComponent.swift */,
				3C2626BF2943B23500A0D1F1 /* CellComponent.swift */,
				3C1B79A32948BACF00636D0D /* AddTaskPopup.swift */,
			);
			path = "Сomponents";
			sourceTree = "<group>";
		};
		48331F1A2949CDF900C65197 /* Model */ = {
			isa = PBXGroup;
			children = (
				4894B3A1293E5B5B008CE633 /* User.swift */,
				488C94D92948AB2200411481 /* Task.swift */,
			);
			path = Model;
			sourceTree = "<group>";
		};
		48331F1B2949CE7300C65197 /* View */ = {
			isa = PBXGroup;
			children = (
			);
			path = View;
			sourceTree = "<group>";
		};
		48331F1C2949CE7B00C65197 /* ViewModel */ = {
			isa = PBXGroup;
			children = (
			);
			path = ViewModel;
			sourceTree = "<group>";
		};
		485B19882941175800042F89 /* Extentions */ = {
			isa = PBXGroup;
			children = (
				3C2626B3293FD8AC00A0D1F1 /* UITextField+Borders.swift */,
				4815507829425E57008EF3A1 /* UIButton+Select.swift */,
				3C2626B1293E55FF00A0D1F1 /* UIViewController+Keyboard.swift */,
				485B199A2941FF6B00042F89 /* UIColor+.swift */,
				485B198E29411F4F00042F89 /* UIFont+.swift */,
				485B19982941FEEC00042F89 /* UIView+Pin.swift */,
				4815507429424602008EF3A1 /* UIView+TapAnimation.swift */,
				481550822942BF8E008EF3A1 /* CALayer.swift */,
				486D4DC52943E8E700A23868 /* UIViewController+NavBar.swift */,
				48331F162948FCE300C65197 /* UINavigationBar+.swift */,
			);
			path = Extentions;
			sourceTree = "<group>";
		};
		485B198B29411AC300042F89 /* Common */ = {
			isa = PBXGroup;
			children = (
				485B198C29411AE000042F89 /* Grid.swift */,
			);
			path = Common;
			sourceTree = "<group>";
		};
		486088592937E57B008B76ED = {
			isa = PBXGroup;
			children = (
				486088642937E57B008B76ED /* CourseWork3 */,
				486088632937E57B008B76ED /* Products */,
			);
			sourceTree = "<group>";
		};
		486088632937E57B008B76ED /* Products */ = {
			isa = PBXGroup;
			children = (
				486088622937E57B008B76ED /* 23:59.app */,
			);
			name = Products;
			sourceTree = "<group>";
		};
		486088642937E57B008B76ED /* CourseWork3 */ = {
			isa = PBXGroup;
			children = (
				481D44F1293FCA36006764A4 /* Сomponents */,
				485B198B29411AC300042F89 /* Common */,
				48A6C1B529421B090001B962 /* Screens */,
				485B19882941175800042F89 /* Extentions */,
				3C2626B92943373800A0D1F1 /* Utilities */,
				48331F1C2949CE7B00C65197 /* ViewModel */,
				48331F1B2949CE7300C65197 /* View */,
				48331F1A2949CDF900C65197 /* Model */,
				48A4802F293E4574006540DC /* Fonts */,
				48A48017293E0C90006540DC /* frontend */,
				486088652937E57B008B76ED /* AppDelegate.swift */,
				486088672937E57B008B76ED /* SceneDelegate.swift */,
				486088702937E57B008B76ED /* LaunchScreen.storyboard */,
				483EAA51293F7AA700A72D7F /* Assets.xcassets */,
				486088732937E57B008B76ED /* Info.plist */,
			);
			path = CourseWork3;
			sourceTree = "<group>";
		};
		48A48017293E0C90006540DC /* frontend */ = {
			isa = PBXGroup;
			children = (
			);
			path = frontend;
			sourceTree = "<group>";
		};
		48A4802F293E4574006540DC /* Fonts */ = {
			isa = PBXGroup;
			children = (
				48A48030293E45AE006540DC /* mainFont.otf */,
				48A48032293E49DC006540DC /* Raleway-Bold.ttf */,
				48A48036293E4B78006540DC /* Raleway-Regular.ttf */,
				48A48033293E49DC006540DC /* Raleway-Medium.ttf */,
			);
			path = Fonts;
			sourceTree = "<group>";
		};
		48A6C1B529421B090001B962 /* Screens */ = {
			isa = PBXGroup;
			children = (
				486088692937E57B008B76ED /* WelcomeViewController.swift */,
				3C04E878293E15FD00DF73B3 /* EmailViewController.swift */,
				3C2626BD2943AF2C00A0D1F1 /* CodeInputController.swift */,
				483EAA4A293F6C4100A72D7F /* CreateAccountViewController.swift */,
				4892320829420702002DCBEF /* MainTasksPageController.swift */,
				4815507629425134008EF3A1 /* TaskPageController.swift */,
				4815507C2942B6A2008EF3A1 /* FeedController.swift */,
				4815507E2942B6B1008EF3A1 /* FriendsController.swift */,
				486D4DC92944E33000A23868 /* FilterPageController.swift */,
				48FFAD072948BDC700E5820B /* NewTaskFirstPageController.swift */,
				48331F182948FD1600C65197 /* NewTaskSecondPageController.swift */,
			);
			path = Screens;
			sourceTree = "<group>";
		};
/* End PBXGroup section */

/* Begin PBXNativeTarget section */
		486088612937E57B008B76ED /* CourseWork3 */ = {
			isa = PBXNativeTarget;
			buildConfigurationList = 486088762937E57B008B76ED /* Build configuration list for PBXNativeTarget "CourseWork3" */;
			buildPhases = (
				4860885E2937E57B008B76ED /* Sources */,
				4860885F2937E57B008B76ED /* Frameworks */,
				486088602937E57B008B76ED /* Resources */,
			);
			buildRules = (
			);
			dependencies = (
			);
			name = CourseWork3;
			packageProductDependencies = (
			);
			productName = CourseWork3;
			productReference = 486088622937E57B008B76ED /* 23:59.app */;
			productType = "com.apple.product-type.application";
		};
/* End PBXNativeTarget section */

/* Begin PBXProject section */
		4860885A2937E57B008B76ED /* Project object */ = {
			isa = PBXProject;
			attributes = {
				BuildIndependentTargetsInParallel = 1;
				LastSwiftUpdateCheck = 1410;
				LastUpgradeCheck = 1410;
				TargetAttributes = {
					486088612937E57B008B76ED = {
						CreatedOnToolsVersion = 14.1;
					};
				};
			};
			buildConfigurationList = 4860885D2937E57B008B76ED /* Build configuration list for PBXProject "CourseWork3" */;
			compatibilityVersion = "Xcode 14.0";
			developmentRegion = en;
			hasScannedForEncodings = 0;
			knownRegions = (
				en,
				Base,
			);
			mainGroup = 486088592937E57B008B76ED;
			packageReferences = (
			);
			productRefGroup = 486088632937E57B008B76ED /* Products */;
			projectDirPath = "";
			projectRoot = "";
			targets = (
				486088612937E57B008B76ED /* CourseWork3 */,
			);
		};
/* End PBXProject section */

/* Begin PBXResourcesBuildPhase section */
		486088602937E57B008B76ED /* Resources */ = {
			isa = PBXResourcesBuildPhase;
			buildActionMask = 2147483647;
			files = (
				48A48031293E45AE006540DC /* mainFont.otf in Resources */,
				486088722937E57B008B76ED /* LaunchScreen.storyboard in Resources */,
				48A48039293E4BD7006540DC /* Raleway-Regular.ttf in Resources */,
				483EAA52293F7AA700A72D7F /* Assets.xcassets in Resources */,
				48A48035293E49DC006540DC /* Raleway-Medium.ttf in Resources */,
				48A48034293E49DC006540DC /* Raleway-Bold.ttf in Resources */,
			);
			runOnlyForDeploymentPostprocessing = 0;
		};
/* End PBXResourcesBuildPhase section */

/* Begin PBXSourcesBuildPhase section */
		4860885E2937E57B008B76ED /* Sources */ = {
			isa = PBXSourcesBuildPhase;
			buildActionMask = 2147483647;
			files = (
				48FFAD082948BDC700E5820B /* NewTaskFirstPageController.swift in Sources */,
				486D4DCA2944E33000A23868 /* FilterPageController.swift in Sources */,
				4815507B2942ACBB008EF3A1 /* CustomTabBarController.swift in Sources */,
				48331F172948FCE300C65197 /* UINavigationBar+.swift in Sources */,
				481550812942B7D8008EF3A1 /* DevelopmentComponent.swift in Sources */,
				483EAA4B293F6C4100A72D7F /* CreateAccountViewController.swift in Sources */,
				4892320729420595002DCBEF /* TaskComponent.swift in Sources */,
				488C94DC2948B00A00411481 /* CheckInput.swift in Sources */,
				485B198F29411F4F00042F89 /* UIFont+.swift in Sources */,
				4815507929425E57008EF3A1 /* UIButton+Select.swift in Sources */,
				481D44F3293FCAB1006764A4 /* ButtonComponent.swift in Sources */,
				4892320929420702002DCBEF /* MainTasksPageController.swift in Sources */,
				4815507529424602008EF3A1 /* UIView+TapAnimation.swift in Sources */,
				3C2626C02943B23500A0D1F1 /* CellComponent.swift in Sources */,
				488B8C66294216D000ED8B0C /* FriendAccountSVConponent.swift in Sources */,
				4815507F2942B6B1008EF3A1 /* FriendsController.swift in Sources */,
				4860886A2937E57B008B76ED /* WelcomeViewController.swift in Sources */,
				4886AC46293FDAB700640A4B /* FieldComponent.swift in Sources */,
				488C94DA2948AB2200411481 /* Task.swift in Sources */,
				4886AC4A2940E39A00640A4B /* PhotoPickerPopup.swift in Sources */,
				4886AC4C2940EF0B00640A4B /* ProfileView.swift in Sources */,
				4815507729425134008EF3A1 /* TaskPageController.swift in Sources */,
				3C2626B2293E55FF00A0D1F1 /* UIViewController+Keyboard.swift in Sources */,
				486088662937E57B008B76ED /* AppDelegate.swift in Sources */,
				485B198D29411AE000042F89 /* Grid.swift in Sources */,
				3C2626BE2943AF2C00A0D1F1 /* CodeInputController.swift in Sources */,
				48331F192948FD1600C65197 /* NewTaskSecondPageController.swift in Sources */,
				486088682937E57B008B76ED /* SceneDelegate.swift in Sources */,
				486D4DC62943E8E700A23868 /* UIViewController+NavBar.swift in Sources */,
				3C2626B8294231CA00A0D1F1 /* Code.swift in Sources */,
				3C2626B4293FD8AC00A0D1F1 /* UITextField+Borders.swift in Sources */,
				485B19992941FEEC00042F89 /* UIView+Pin.swift in Sources */,
				4894B3A2293E5B5B008CE633 /* User.swift in Sources */,
				3C1B79A42948BACF00636D0D /* AddTaskPopup.swift in Sources */,
				3C04E879293E15FD00DF73B3 /* EmailViewController.swift in Sources */,
				48A6C1B7294221070001B962 /* CustomNavbar.swift in Sources */,
				4814C0CD29420B8F00939BA5 /* BubbleComponent.swift in Sources */,
				485B199B2941FF6B00042F89 /* UIColor+.swift in Sources */,
				481550832942BF8E008EF3A1 /* CALayer.swift in Sources */,
				4815507D2942B6A2008EF3A1 /* FeedController.swift in Sources */,
			);
			runOnlyForDeploymentPostprocessing = 0;
		};
/* End PBXSourcesBuildPhase section */

/* Begin PBXVariantGroup section */
		486088702937E57B008B76ED /* LaunchScreen.storyboard */ = {
			isa = PBXVariantGroup;
			children = (
				486088712937E57B008B76ED /* Base */,
			);
			name = LaunchScreen.storyboard;
			sourceTree = "<group>";
		};
/* End PBXVariantGroup section */

/* Begin XCBuildConfiguration section */
		486088742937E57B008B76ED /* Debug */ = {
			isa = XCBuildConfiguration;
			buildSettings = {
				ALWAYS_SEARCH_USER_PATHS = NO;
				CLANG_ANALYZER_NONNULL = YES;
				CLANG_ANALYZER_NUMBER_OBJECT_CONVERSION = YES_AGGRESSIVE;
				CLANG_CXX_LANGUAGE_STANDARD = "gnu++20";
				CLANG_ENABLE_MODULES = YES;
				CLANG_ENABLE_OBJC_ARC = YES;
				CLANG_ENABLE_OBJC_WEAK = YES;
				CLANG_WARN_BLOCK_CAPTURE_AUTORELEASING = YES;
				CLANG_WARN_BOOL_CONVERSION = YES;
				CLANG_WARN_COMMA = YES;
				CLANG_WARN_CONSTANT_CONVERSION = YES;
				CLANG_WARN_DEPRECATED_OBJC_IMPLEMENTATIONS = YES;
				CLANG_WARN_DIRECT_OBJC_ISA_USAGE = YES_ERROR;
				CLANG_WARN_DOCUMENTATION_COMMENTS = YES;
				CLANG_WARN_EMPTY_BODY = YES;
				CLANG_WARN_ENUM_CONVERSION = YES;
				CLANG_WARN_INFINITE_RECURSION = YES;
				CLANG_WARN_INT_CONVERSION = YES;
				CLANG_WARN_NON_LITERAL_NULL_CONVERSION = YES;
				CLANG_WARN_OBJC_IMPLICIT_RETAIN_SELF = YES;
				CLANG_WARN_OBJC_LITERAL_CONVERSION = YES;
				CLANG_WARN_OBJC_ROOT_CLASS = YES_ERROR;
				CLANG_WARN_QUOTED_INCLUDE_IN_FRAMEWORK_HEADER = YES;
				CLANG_WARN_RANGE_LOOP_ANALYSIS = YES;
				CLANG_WARN_STRICT_PROTOTYPES = YES;
				CLANG_WARN_SUSPICIOUS_MOVE = YES;
				CLANG_WARN_UNGUARDED_AVAILABILITY = YES_AGGRESSIVE;
				CLANG_WARN_UNREACHABLE_CODE = YES;
				CLANG_WARN__DUPLICATE_METHOD_MATCH = YES;
				COPY_PHASE_STRIP = NO;
				DEBUG_INFORMATION_FORMAT = dwarf;
				ENABLE_STRICT_OBJC_MSGSEND = YES;
				ENABLE_TESTABILITY = YES;
				GCC_C_LANGUAGE_STANDARD = gnu11;
				GCC_DYNAMIC_NO_PIC = NO;
				GCC_NO_COMMON_BLOCKS = YES;
				GCC_OPTIMIZATION_LEVEL = 0;
				GCC_PREPROCESSOR_DEFINITIONS = (
					"DEBUG=1",
					"$(inherited)",
				);
				GCC_WARN_64_TO_32_BIT_CONVERSION = YES;
				GCC_WARN_ABOUT_RETURN_TYPE = YES_ERROR;
				GCC_WARN_UNDECLARED_SELECTOR = YES;
				GCC_WARN_UNINITIALIZED_AUTOS = YES_AGGRESSIVE;
				GCC_WARN_UNUSED_FUNCTION = YES;
				GCC_WARN_UNUSED_VARIABLE = YES;
				IPHONEOS_DEPLOYMENT_TARGET = 16.1;
				MTL_ENABLE_DEBUG_INFO = INCLUDE_SOURCE;
				MTL_FAST_MATH = YES;
				ONLY_ACTIVE_ARCH = YES;
				SDKROOT = iphoneos;
				SWIFT_ACTIVE_COMPILATION_CONDITIONS = DEBUG;
				SWIFT_OPTIMIZATION_LEVEL = "-Onone";
			};
			name = Debug;
		};
		486088752937E57B008B76ED /* Release */ = {
			isa = XCBuildConfiguration;
			buildSettings = {
				ALWAYS_SEARCH_USER_PATHS = NO;
				CLANG_ANALYZER_NONNULL = YES;
				CLANG_ANALYZER_NUMBER_OBJECT_CONVERSION = YES_AGGRESSIVE;
				CLANG_CXX_LANGUAGE_STANDARD = "gnu++20";
				CLANG_ENABLE_MODULES = YES;
				CLANG_ENABLE_OBJC_ARC = YES;
				CLANG_ENABLE_OBJC_WEAK = YES;
				CLANG_WARN_BLOCK_CAPTURE_AUTORELEASING = YES;
				CLANG_WARN_BOOL_CONVERSION = YES;
				CLANG_WARN_COMMA = YES;
				CLANG_WARN_CONSTANT_CONVERSION = YES;
				CLANG_WARN_DEPRECATED_OBJC_IMPLEMENTATIONS = YES;
				CLANG_WARN_DIRECT_OBJC_ISA_USAGE = YES_ERROR;
				CLANG_WARN_DOCUMENTATION_COMMENTS = YES;
				CLANG_WARN_EMPTY_BODY = YES;
				CLANG_WARN_ENUM_CONVERSION = YES;
				CLANG_WARN_INFINITE_RECURSION = YES;
				CLANG_WARN_INT_CONVERSION = YES;
				CLANG_WARN_NON_LITERAL_NULL_CONVERSION = YES;
				CLANG_WARN_OBJC_IMPLICIT_RETAIN_SELF = YES;
				CLANG_WARN_OBJC_LITERAL_CONVERSION = YES;
				CLANG_WARN_OBJC_ROOT_CLASS = YES_ERROR;
				CLANG_WARN_QUOTED_INCLUDE_IN_FRAMEWORK_HEADER = YES;
				CLANG_WARN_RANGE_LOOP_ANALYSIS = YES;
				CLANG_WARN_STRICT_PROTOTYPES = YES;
				CLANG_WARN_SUSPICIOUS_MOVE = YES;
				CLANG_WARN_UNGUARDED_AVAILABILITY = YES_AGGRESSIVE;
				CLANG_WARN_UNREACHABLE_CODE = YES;
				CLANG_WARN__DUPLICATE_METHOD_MATCH = YES;
				COPY_PHASE_STRIP = NO;
				DEBUG_INFORMATION_FORMAT = "dwarf-with-dsym";
				ENABLE_NS_ASSERTIONS = NO;
				ENABLE_STRICT_OBJC_MSGSEND = YES;
				GCC_C_LANGUAGE_STANDARD = gnu11;
				GCC_NO_COMMON_BLOCKS = YES;
				GCC_WARN_64_TO_32_BIT_CONVERSION = YES;
				GCC_WARN_ABOUT_RETURN_TYPE = YES_ERROR;
				GCC_WARN_UNDECLARED_SELECTOR = YES;
				GCC_WARN_UNINITIALIZED_AUTOS = YES_AGGRESSIVE;
				GCC_WARN_UNUSED_FUNCTION = YES;
				GCC_WARN_UNUSED_VARIABLE = YES;
				IPHONEOS_DEPLOYMENT_TARGET = 16.1;
				MTL_ENABLE_DEBUG_INFO = NO;
				MTL_FAST_MATH = YES;
				SDKROOT = iphoneos;
				SWIFT_COMPILATION_MODE = wholemodule;
				SWIFT_OPTIMIZATION_LEVEL = "-O";
				VALIDATE_PRODUCT = YES;
			};
			name = Release;
		};
		486088772937E57B008B76ED /* Debug */ = {
			isa = XCBuildConfiguration;
			buildSettings = {
				ASSETCATALOG_COMPILER_APPICON_NAME = AppIcon;
				ASSETCATALOG_COMPILER_GLOBAL_ACCENT_COLOR_NAME = AccentColor;
				CODE_SIGN_STYLE = Automatic;
				CURRENT_PROJECT_VERSION = 1;
				DEVELOPMENT_TEAM = LM3CWDSTFW;
				GENERATE_INFOPLIST_FILE = YES;
				INFOPLIST_FILE = CourseWork3/Info.plist;
				INFOPLIST_KEY_UIApplicationSupportsIndirectInputEvents = YES;
				INFOPLIST_KEY_UILaunchStoryboardName = LaunchScreen.storyboard;
				INFOPLIST_KEY_UIStatusBarStyle = UIStatusBarStyleDarkContent;
				INFOPLIST_KEY_UISupportedInterfaceOrientations_iPad = "UIInterfaceOrientationPortrait UIInterfaceOrientationPortraitUpsideDown UIInterfaceOrientationLandscapeLeft UIInterfaceOrientationLandscapeRight";
				INFOPLIST_KEY_UISupportedInterfaceOrientations_iPhone = UIInterfaceOrientationPortrait;
				LD_RUNPATH_SEARCH_PATHS = (
					"$(inherited)",
					"@executable_path/Frameworks",
				);
				MARKETING_VERSION = 1.0;
				PRODUCT_BUNDLE_IDENTIFIER = FCS.CourseWork3;
				PRODUCT_NAME = "23:59";
				SWIFT_EMIT_LOC_STRINGS = YES;
				SWIFT_VERSION = 5.0;
				TARGETED_DEVICE_FAMILY = "1,2";
			};
			name = Debug;
		};
		486088782937E57B008B76ED /* Release */ = {
			isa = XCBuildConfiguration;
			buildSettings = {
				ASSETCATALOG_COMPILER_APPICON_NAME = AppIcon;
				ASSETCATALOG_COMPILER_GLOBAL_ACCENT_COLOR_NAME = AccentColor;
				CODE_SIGN_STYLE = Automatic;
				CURRENT_PROJECT_VERSION = 1;
				DEVELOPMENT_TEAM = LM3CWDSTFW;
				GENERATE_INFOPLIST_FILE = YES;
				INFOPLIST_FILE = CourseWork3/Info.plist;
				INFOPLIST_KEY_UIApplicationSupportsIndirectInputEvents = YES;
				INFOPLIST_KEY_UILaunchStoryboardName = LaunchScreen.storyboard;
				INFOPLIST_KEY_UIStatusBarStyle = UIStatusBarStyleDarkContent;
				INFOPLIST_KEY_UISupportedInterfaceOrientations_iPad = "UIInterfaceOrientationPortrait UIInterfaceOrientationPortraitUpsideDown UIInterfaceOrientationLandscapeLeft UIInterfaceOrientationLandscapeRight";
				INFOPLIST_KEY_UISupportedInterfaceOrientations_iPhone = UIInterfaceOrientationPortrait;
				LD_RUNPATH_SEARCH_PATHS = (
					"$(inherited)",
					"@executable_path/Frameworks",
				);
				MARKETING_VERSION = 1.0;
				PRODUCT_BUNDLE_IDENTIFIER = FCS.CourseWork3;
				PRODUCT_NAME = "23:59";
				SWIFT_EMIT_LOC_STRINGS = YES;
				SWIFT_VERSION = 5.0;
				TARGETED_DEVICE_FAMILY = "1,2";
			};
			name = Release;
		};
/* End XCBuildConfiguration section */

/* Begin XCConfigurationList section */
		4860885D2937E57B008B76ED /* Build configuration list for PBXProject "CourseWork3" */ = {
			isa = XCConfigurationList;
			buildConfigurations = (
				486088742937E57B008B76ED /* Debug */,
				486088752937E57B008B76ED /* Release */,
			);
			defaultConfigurationIsVisible = 0;
			defaultConfigurationName = Release;
		};
		486088762937E57B008B76ED /* Build configuration list for PBXNativeTarget "CourseWork3" */ = {
			isa = XCConfigurationList;
			buildConfigurations = (
				486088772937E57B008B76ED /* Debug */,
				486088782937E57B008B76ED /* Release */,
			);
			defaultConfigurationIsVisible = 0;
			defaultConfigurationName = Release;
		};
/* End XCConfigurationList section */
	};
	rootObject = 4860885A2937E57B008B76ED /* Project object */;
}
